// !$*UTF8*$!
{
	archiveVersion = 1;
	classes = {
	};
	objectVersion = 55;
	objects = {

/* Begin PBXBuildFile section */
		2C0B922829EFFD9000083436 /* UIColorExtension.swift in Sources */ = {isa = PBXBuildFile; fileRef = 2C0B922729EFFD9000083436 /* UIColorExtension.swift */; };
		2C2CA3C629E14A83005FBA1E /* AppDelegate.swift in Sources */ = {isa = PBXBuildFile; fileRef = 2C2CA3C529E14A83005FBA1E /* AppDelegate.swift */; };
		2C2CA3C829E14A83005FBA1E /* SceneDelegate.swift in Sources */ = {isa = PBXBuildFile; fileRef = 2C2CA3C729E14A83005FBA1E /* SceneDelegate.swift */; };
		2C2CA3CA29E14A83005FBA1E /* ViewController.swift in Sources */ = {isa = PBXBuildFile; fileRef = 2C2CA3C929E14A83005FBA1E /* ViewController.swift */; };
		2C2CA3CF29E14A84005FBA1E /* Assets.xcassets in Resources */ = {isa = PBXBuildFile; fileRef = 2C2CA3CE29E14A84005FBA1E /* Assets.xcassets */; };
		2C2CA3D229E14A84005FBA1E /* LaunchScreen.storyboard in Resources */ = {isa = PBXBuildFile; fileRef = 2C2CA3D029E14A84005FBA1E /* LaunchScreen.storyboard */; };
		2C2CA3DB29E14C17005FBA1E /* SnapKit in Frameworks */ = {isa = PBXBuildFile; productRef = 2C2CA3DA29E14C17005FBA1E /* SnapKit */; };
		2C2CA3DE29E14C26005FBA1E /* Then in Frameworks */ = {isa = PBXBuildFile; productRef = 2C2CA3DD29E14C26005FBA1E /* Then */; };
		2C2CA3E029E14C3F005FBA1E /* FirstViewController.swift in Sources */ = {isa = PBXBuildFile; fileRef = 2C2CA3DF29E14C3F005FBA1E /* FirstViewController.swift */; };
		2C5C4AF229F06C5D00449041 /* Pretendard-ExtraBold.otf in Resources */ = {isa = PBXBuildFile; fileRef = 2C5C4AE929F06C5D00449041 /* Pretendard-ExtraBold.otf */; };
		2C5C4AF329F06C5D00449041 /* Pretendard-ExtraLight.otf in Resources */ = {isa = PBXBuildFile; fileRef = 2C5C4AEA29F06C5D00449041 /* Pretendard-ExtraLight.otf */; };
		2C5C4AF429F06C5D00449041 /* Pretendard-Light.otf in Resources */ = {isa = PBXBuildFile; fileRef = 2C5C4AEB29F06C5D00449041 /* Pretendard-Light.otf */; };
		2C5C4AF529F06C5D00449041 /* Pretendard-Medium.otf in Resources */ = {isa = PBXBuildFile; fileRef = 2C5C4AEC29F06C5D00449041 /* Pretendard-Medium.otf */; };
		2C5C4AF629F06C5D00449041 /* Pretendard-Black.otf in Resources */ = {isa = PBXBuildFile; fileRef = 2C5C4AED29F06C5D00449041 /* Pretendard-Black.otf */; };
		2C5C4AF729F06C5D00449041 /* Pretendard-Bold.otf in Resources */ = {isa = PBXBuildFile; fileRef = 2C5C4AEE29F06C5D00449041 /* Pretendard-Bold.otf */; };
		2C5C4AF829F06C5D00449041 /* Pretendard-Regular.otf in Resources */ = {isa = PBXBuildFile; fileRef = 2C5C4AEF29F06C5D00449041 /* Pretendard-Regular.otf */; };
		2C5C4AF929F06C5D00449041 /* Pretendard-Thin.otf in Resources */ = {isa = PBXBuildFile; fileRef = 2C5C4AF029F06C5D00449041 /* Pretendard-Thin.otf */; };
		2C5C4AFA29F06C5D00449041 /* Pretendard-SemiBold.otf in Resources */ = {isa = PBXBuildFile; fileRef = 2C5C4AF129F06C5D00449041 /* Pretendard-SemiBold.otf */; };
		2C5C4AFC29F0811A00449041 /* Extension.swift in Sources */ = {isa = PBXBuildFile; fileRef = 2C5C4AFB29F0811A00449041 /* Extension.swift */; };
		2C5C4AFE29F08D8400449041 /* SecondViewController.swift in Sources */ = {isa = PBXBuildFile; fileRef = 2C5C4AFD29F08D8400449041 /* SecondViewController.swift */; };
		2C5C4B0229F08EA700449041 /* tving.png in Resources */ = {isa = PBXBuildFile; fileRef = 2C5C4B0029F08EA700449041 /* tving.png */; };
		2CC2402D29F251C900E99BA6 /* eye.png in Resources */ = {isa = PBXBuildFile; fileRef = 2CC2402C29F251C900E99BA6 /* eye.png */; };
		2CC2402F29F251D500E99BA6 /* noeye.png in Resources */ = {isa = PBXBuildFile; fileRef = 2CC2402E29F251D500E99BA6 /* noeye.png */; };
		2CC2403129F251E600E99BA6 /* x.png in Resources */ = {isa = PBXBuildFile; fileRef = 2CC2403029F251E600E99BA6 /* x.png */; };
		2CC2403329F251F600E99BA6 /* btn_before.png in Resources */ = {isa = PBXBuildFile; fileRef = 2CC2403229F251F600E99BA6 /* btn_before.png */; };
/* End PBXBuildFile section */

/* Begin PBXFileReference section */
		2C0B922729EFFD9000083436 /* UIColorExtension.swift */ = {isa = PBXFileReference; lastKnownFileType = sourcecode.swift; path = UIColorExtension.swift; sourceTree = "<group>"; };
		2C2CA3C229E14A83005FBA1E /* sopt_2nd_week_practice.app */ = {isa = PBXFileReference; explicitFileType = wrapper.application; includeInIndex = 0; path = sopt_2nd_week_practice.app; sourceTree = BUILT_PRODUCTS_DIR; };
		2C2CA3C529E14A83005FBA1E /* AppDelegate.swift */ = {isa = PBXFileReference; lastKnownFileType = sourcecode.swift; path = AppDelegate.swift; sourceTree = "<group>"; };
		2C2CA3C729E14A83005FBA1E /* SceneDelegate.swift */ = {isa = PBXFileReference; lastKnownFileType = sourcecode.swift; path = SceneDelegate.swift; sourceTree = "<group>"; };
		2C2CA3C929E14A83005FBA1E /* ViewController.swift */ = {isa = PBXFileReference; lastKnownFileType = sourcecode.swift; path = ViewController.swift; sourceTree = "<group>"; };
		2C2CA3CE29E14A84005FBA1E /* Assets.xcassets */ = {isa = PBXFileReference; lastKnownFileType = folder.assetcatalog; path = Assets.xcassets; sourceTree = "<group>"; };
		2C2CA3D129E14A84005FBA1E /* Base */ = {isa = PBXFileReference; lastKnownFileType = file.storyboard; name = Base; path = Base.lproj/LaunchScreen.storyboard; sourceTree = "<group>"; };
		2C2CA3D329E14A84005FBA1E /* Info.plist */ = {isa = PBXFileReference; lastKnownFileType = text.plist.xml; path = Info.plist; sourceTree = "<group>"; };
		2C2CA3DF29E14C3F005FBA1E /* FirstViewController.swift */ = {isa = PBXFileReference; lastKnownFileType = sourcecode.swift; path = FirstViewController.swift; sourceTree = "<group>"; };
		2C5C4AE929F06C5D00449041 /* Pretendard-ExtraBold.otf */ = {isa = PBXFileReference; lastKnownFileType = file; path = "Pretendard-ExtraBold.otf"; sourceTree = "<group>"; };
		2C5C4AEA29F06C5D00449041 /* Pretendard-ExtraLight.otf */ = {isa = PBXFileReference; lastKnownFileType = file; path = "Pretendard-ExtraLight.otf"; sourceTree = "<group>"; };
		2C5C4AEB29F06C5D00449041 /* Pretendard-Light.otf */ = {isa = PBXFileReference; lastKnownFileType = file; path = "Pretendard-Light.otf"; sourceTree = "<group>"; };
		2C5C4AEC29F06C5D00449041 /* Pretendard-Medium.otf */ = {isa = PBXFileReference; lastKnownFileType = file; path = "Pretendard-Medium.otf"; sourceTree = "<group>"; };
		2C5C4AED29F06C5D00449041 /* Pretendard-Black.otf */ = {isa = PBXFileReference; lastKnownFileType = file; path = "Pretendard-Black.otf"; sourceTree = "<group>"; };
		2C5C4AEE29F06C5D00449041 /* Pretendard-Bold.otf */ = {isa = PBXFileReference; lastKnownFileType = file; path = "Pretendard-Bold.otf"; sourceTree = "<group>"; };
		2C5C4AEF29F06C5D00449041 /* Pretendard-Regular.otf */ = {isa = PBXFileReference; lastKnownFileType = file; path = "Pretendard-Regular.otf"; sourceTree = "<group>"; };
		2C5C4AF029F06C5D00449041 /* Pretendard-Thin.otf */ = {isa = PBXFileReference; lastKnownFileType = file; path = "Pretendard-Thin.otf"; sourceTree = "<group>"; };
		2C5C4AF129F06C5D00449041 /* Pretendard-SemiBold.otf */ = {isa = PBXFileReference; lastKnownFileType = file; path = "Pretendard-SemiBold.otf"; sourceTree = "<group>"; };
		2C5C4AFB29F0811A00449041 /* Extension.swift */ = {isa = PBXFileReference; lastKnownFileType = sourcecode.swift; path = Extension.swift; sourceTree = "<group>"; };
		2C5C4AFD29F08D8400449041 /* SecondViewController.swift */ = {isa = PBXFileReference; lastKnownFileType = sourcecode.swift; path = SecondViewController.swift; sourceTree = "<group>"; };
		2C5C4B0029F08EA700449041 /* tving.png */ = {isa = PBXFileReference; lastKnownFileType = image.png; path = tving.png; sourceTree = "<group>"; };
		2CC2402C29F251C900E99BA6 /* eye.png */ = {isa = PBXFileReference; lastKnownFileType = image.png; name = eye.png; path = "../../../../../무제 폴더/eye.png"; sourceTree = "<group>"; };
		2CC2402E29F251D500E99BA6 /* noeye.png */ = {isa = PBXFileReference; lastKnownFileType = image.png; name = noeye.png; path = "../../../../../무제 폴더/noeye.png"; sourceTree = "<group>"; };
		2CC2403029F251E600E99BA6 /* x.png */ = {isa = PBXFileReference; lastKnownFileType = image.png; name = x.png; path = "../../../../../무제 폴더/x.png"; sourceTree = "<group>"; };
		2CC2403229F251F600E99BA6 /* btn_before.png */ = {isa = PBXFileReference; lastKnownFileType = image.png; name = btn_before.png; path = "../../../../../무제 폴더/btn_before.png"; sourceTree = "<group>"; };
/* End PBXFileReference section */

/* Begin PBXFrameworksBuildPhase section */
		2C2CA3BF29E14A83005FBA1E /* Frameworks */ = {
			isa = PBXFrameworksBuildPhase;
			buildActionMask = 2147483647;
			files = (
				2C2CA3DB29E14C17005FBA1E /* SnapKit in Frameworks */,
				2C2CA3DE29E14C26005FBA1E /* Then in Frameworks */,
			);
			runOnlyForDeploymentPostprocessing = 0;
		};
/* End PBXFrameworksBuildPhase section */

/* Begin PBXGroup section */
		2C2CA3B929E14A83005FBA1E = {
			isa = PBXGroup;
			children = (
				2C5C4AFF29F08DE400449041 /* pic */,
				2C5C4AE829F06BB100449041 /* fonts */,
				2C2CA3C429E14A83005FBA1E /* sopt_2nd_week_practice */,
				2C2CA3C329E14A83005FBA1E /* Products */,
			);
			sourceTree = "<group>";
		};
		2C2CA3C329E14A83005FBA1E /* Products */ = {
			isa = PBXGroup;
			children = (
				2C2CA3C229E14A83005FBA1E /* sopt_2nd_week_practice.app */,
			);
			name = Products;
			sourceTree = "<group>";
		};
		2C2CA3C429E14A83005FBA1E /* sopt_2nd_week_practice */ = {
			isa = PBXGroup;
			children = (
				2C2CA3C529E14A83005FBA1E /* AppDelegate.swift */,
				2C2CA3C729E14A83005FBA1E /* SceneDelegate.swift */,
				2C2CA3C929E14A83005FBA1E /* ViewController.swift */,
				2C2CA3DF29E14C3F005FBA1E /* FirstViewController.swift */,
				2C5C4AFD29F08D8400449041 /* SecondViewController.swift */,
				2C0B922729EFFD9000083436 /* UIColorExtension.swift */,
				2C5C4AFB29F0811A00449041 /* Extension.swift */,
				2C2CA3CE29E14A84005FBA1E /* Assets.xcassets */,
				2C2CA3D029E14A84005FBA1E /* LaunchScreen.storyboard */,
				2C2CA3D329E14A84005FBA1E /* Info.plist */,
			);
			path = sopt_2nd_week_practice;
			sourceTree = "<group>";
		};
		2C5C4AE829F06BB100449041 /* fonts */ = {
			isa = PBXGroup;
			children = (
				2C5C4AEA29F06C5D00449041 /* Pretendard-ExtraLight.otf */,
				2C5C4AF129F06C5D00449041 /* Pretendard-SemiBold.otf */,
				2C5C4AF029F06C5D00449041 /* Pretendard-Thin.otf */,
				2C5C4AE929F06C5D00449041 /* Pretendard-ExtraBold.otf */,
				2C5C4AEB29F06C5D00449041 /* Pretendard-Light.otf */,
				2C5C4AEC29F06C5D00449041 /* Pretendard-Medium.otf */,
				2C5C4AEF29F06C5D00449041 /* Pretendard-Regular.otf */,
				2C5C4AEE29F06C5D00449041 /* Pretendard-Bold.otf */,
				2C5C4AED29F06C5D00449041 /* Pretendard-Black.otf */,
			);
			path = fonts;
			sourceTree = "<group>";
		};
		2C5C4AFF29F08DE400449041 /* pic */ = {
			isa = PBXGroup;
			children = (
				2CC2402C29F251C900E99BA6 /* eye.png */,
				2CC2402E29F251D500E99BA6 /* noeye.png */,
				2CC2403029F251E600E99BA6 /* x.png */,
				2CC2403229F251F600E99BA6 /* btn_before.png */,
				2C5C4B0029F08EA700449041 /* tving.png */,
			);
			path = pic;
			sourceTree = "<group>";
		};
/* End PBXGroup section */

/* Begin PBXNativeTarget section */
		2C2CA3C129E14A83005FBA1E /* sopt_2nd_week_practice */ = {
			isa = PBXNativeTarget;
			buildConfigurationList = 2C2CA3D629E14A84005FBA1E /* Build configuration list for PBXNativeTarget "sopt_2nd_week_practice" */;
			buildPhases = (
				2C2CA3BE29E14A83005FBA1E /* Sources */,
				2C2CA3BF29E14A83005FBA1E /* Frameworks */,
				2C2CA3C029E14A83005FBA1E /* Resources */,
			);
			buildRules = (
			);
			dependencies = (
			);
			name = sopt_2nd_week_practice;
			packageProductDependencies = (
				2C2CA3DA29E14C17005FBA1E /* SnapKit */,
				2C2CA3DD29E14C26005FBA1E /* Then */,
			);
			productName = sopt_2nd_week_practice;
			productReference = 2C2CA3C229E14A83005FBA1E /* sopt_2nd_week_practice.app */;
			productType = "com.apple.product-type.application";
		};
/* End PBXNativeTarget section */

/* Begin PBXProject section */
		2C2CA3BA29E14A83005FBA1E /* Project object */ = {
			isa = PBXProject;
			attributes = {
				BuildIndependentTargetsInParallel = 1;
				LastSwiftUpdateCheck = 1330;
				LastUpgradeCheck = 1330;
				TargetAttributes = {
					2C2CA3C129E14A83005FBA1E = {
						CreatedOnToolsVersion = 13.3.1;
					};
				};
			};
			buildConfigurationList = 2C2CA3BD29E14A83005FBA1E /* Build configuration list for PBXProject "sopt_2nd_week_practice" */;
			compatibilityVersion = "Xcode 13.0";
			developmentRegion = en;
			hasScannedForEncodings = 0;
			knownRegions = (
				en,
				Base,
			);
			mainGroup = 2C2CA3B929E14A83005FBA1E;
			packageReferences = (
				2C2CA3D929E14C17005FBA1E /* XCRemoteSwiftPackageReference "SnapKit" */,
				2C2CA3DC29E14C26005FBA1E /* XCRemoteSwiftPackageReference "Then" */,
			);
			productRefGroup = 2C2CA3C329E14A83005FBA1E /* Products */;
			projectDirPath = "";
			projectRoot = "";
			targets = (
				2C2CA3C129E14A83005FBA1E /* sopt_2nd_week_practice */,
			);
		};
/* End PBXProject section */

/* Begin PBXResourcesBuildPhase section */
		2C2CA3C029E14A83005FBA1E /* Resources */ = {
			isa = PBXResourcesBuildPhase;
			buildActionMask = 2147483647;
			files = (
				2C5C4AFA29F06C5D00449041 /* Pretendard-SemiBold.otf in Resources */,
				2C2CA3D229E14A84005FBA1E /* LaunchScreen.storyboard in Resources */,
				2CC2403129F251E600E99BA6 /* x.png in Resources */,
				2C5C4AF929F06C5D00449041 /* Pretendard-Thin.otf in Resources */,
				2C5C4AF729F06C5D00449041 /* Pretendard-Bold.otf in Resources */,
				2C2CA3CF29E14A84005FBA1E /* Assets.xcassets in Resources */,
				2CC2403329F251F600E99BA6 /* btn_before.png in Resources */,
				2C5C4AF329F06C5D00449041 /* Pretendard-ExtraLight.otf in Resources */,
				2C5C4AF829F06C5D00449041 /* Pretendard-Regular.otf in Resources */,
				2C5C4AF429F06C5D00449041 /* Pretendard-Light.otf in Resources */,
				2C5C4B0229F08EA700449041 /* tving.png in Resources */,
				2CC2402D29F251C900E99BA6 /* eye.png in Resources */,
				2C5C4AF229F06C5D00449041 /* Pretendard-ExtraBold.otf in Resources */,
				2C5C4AF629F06C5D00449041 /* Pretendard-Black.otf in Resources */,
				2CC2402F29F251D500E99BA6 /* noeye.png in Resources */,
				2C5C4AF529F06C5D00449041 /* Pretendard-Medium.otf in Resources */,
			);
			runOnlyForDeploymentPostprocessing = 0;
		};
/* End PBXResourcesBuildPhase section */

/* Begin PBXSourcesBuildPhase section */
		2C2CA3BE29E14A83005FBA1E /* Sources */ = {
			isa = PBXSourcesBuildPhase;
			buildActionMask = 2147483647;
			files = (
				2C2CA3CA29E14A83005FBA1E /* ViewController.swift in Sources */,
				2C2CA3C629E14A83005FBA1E /* AppDelegate.swift in Sources */,
				2C0B922829EFFD9000083436 /* UIColorExtension.swift in Sources */,
				2C5C4AFC29F0811A00449041 /* Extension.swift in Sources */,
				2C5C4AFE29F08D8400449041 /* SecondViewController.swift in Sources */,
				2C2CA3C829E14A83005FBA1E /* SceneDelegate.swift in Sources */,
				2C2CA3E029E14C3F005FBA1E /* FirstViewController.swift in Sources */,
			);
			runOnlyForDeploymentPostprocessing = 0;
		};
/* End PBXSourcesBuildPhase section */

/* Begin PBXVariantGroup section */
		2C2CA3D029E14A84005FBA1E /* LaunchScreen.storyboard */ = {
			isa = PBXVariantGroup;
			children = (
				2C2CA3D129E14A84005FBA1E /* Base */,
			);
			name = LaunchScreen.storyboard;
			sourceTree = "<group>";
		};
/* End PBXVariantGroup section */

/* Begin XCBuildConfiguration section */
		2C2CA3D429E14A84005FBA1E /* Debug */ = {
			isa = XCBuildConfiguration;
			buildSettings = {
				ALWAYS_SEARCH_USER_PATHS = NO;
				CLANG_ANALYZER_NONNULL = YES;
				CLANG_ANALYZER_NUMBER_OBJECT_CONVERSION = YES_AGGRESSIVE;
				CLANG_CXX_LANGUAGE_STANDARD = "gnu++17";
				CLANG_ENABLE_MODULES = YES;
				CLANG_ENABLE_OBJC_ARC = YES;
				CLANG_ENABLE_OBJC_WEAK = YES;
				CLANG_WARN_BLOCK_CAPTURE_AUTORELEASING = YES;
				CLANG_WARN_BOOL_CONVERSION = YES;
				CLANG_WARN_COMMA = YES;
				CLANG_WARN_CONSTANT_CONVERSION = YES;
				CLANG_WARN_DEPRECATED_OBJC_IMPLEMENTATIONS = YES;
				CLANG_WARN_DIRECT_OBJC_ISA_USAGE = YES_ERROR;
				CLANG_WARN_DOCUMENTATION_COMMENTS = YES;
				CLANG_WARN_EMPTY_BODY = YES;
				CLANG_WARN_ENUM_CONVERSION = YES;
				CLANG_WARN_INFINITE_RECURSION = YES;
				CLANG_WARN_INT_CONVERSION = YES;
				CLANG_WARN_NON_LITERAL_NULL_CONVERSION = YES;
				CLANG_WARN_OBJC_IMPLICIT_RETAIN_SELF = YES;
				CLANG_WARN_OBJC_LITERAL_CONVERSION = YES;
				CLANG_WARN_OBJC_ROOT_CLASS = YES_ERROR;
				CLANG_WARN_QUOTED_INCLUDE_IN_FRAMEWORK_HEADER = YES;
				CLANG_WARN_RANGE_LOOP_ANALYSIS = YES;
				CLANG_WARN_STRICT_PROTOTYPES = YES;
				CLANG_WARN_SUSPICIOUS_MOVE = YES;
				CLANG_WARN_UNGUARDED_AVAILABILITY = YES_AGGRESSIVE;
				CLANG_WARN_UNREACHABLE_CODE = YES;
				CLANG_WARN__DUPLICATE_METHOD_MATCH = YES;
				COPY_PHASE_STRIP = NO;
				DEBUG_INFORMATION_FORMAT = dwarf;
				ENABLE_STRICT_OBJC_MSGSEND = YES;
				ENABLE_TESTABILITY = YES;
				GCC_C_LANGUAGE_STANDARD = gnu11;
				GCC_DYNAMIC_NO_PIC = NO;
				GCC_NO_COMMON_BLOCKS = YES;
				GCC_OPTIMIZATION_LEVEL = 0;
				GCC_PREPROCESSOR_DEFINITIONS = (
					"DEBUG=1",
					"$(inherited)",
				);
				GCC_WARN_64_TO_32_BIT_CONVERSION = YES;
				GCC_WARN_ABOUT_RETURN_TYPE = YES_ERROR;
				GCC_WARN_UNDECLARED_SELECTOR = YES;
				GCC_WARN_UNINITIALIZED_AUTOS = YES_AGGRESSIVE;
				GCC_WARN_UNUSED_FUNCTION = YES;
				GCC_WARN_UNUSED_VARIABLE = YES;
				IPHONEOS_DEPLOYMENT_TARGET = 15.4;
				MTL_ENABLE_DEBUG_INFO = INCLUDE_SOURCE;
				MTL_FAST_MATH = YES;
				ONLY_ACTIVE_ARCH = YES;
				SDKROOT = iphoneos;
				SWIFT_ACTIVE_COMPILATION_CONDITIONS = DEBUG;
				SWIFT_OPTIMIZATION_LEVEL = "-Onone";
			};
			name = Debug;
		};
		2C2CA3D529E14A84005FBA1E /* Release */ = {
			isa = XCBuildConfiguration;
			buildSettings = {
				ALWAYS_SEARCH_USER_PATHS = NO;
				CLANG_ANALYZER_NONNULL = YES;
				CLANG_ANALYZER_NUMBER_OBJECT_CONVERSION = YES_AGGRESSIVE;
				CLANG_CXX_LANGUAGE_STANDARD = "gnu++17";
				CLANG_ENABLE_MODULES = YES;
				CLANG_ENABLE_OBJC_ARC = YES;
				CLANG_ENABLE_OBJC_WEAK = YES;
				CLANG_WARN_BLOCK_CAPTURE_AUTORELEASING = YES;
				CLANG_WARN_BOOL_CONVERSION = YES;
				CLANG_WARN_COMMA = YES;
				CLANG_WARN_CONSTANT_CONVERSION = YES;
				CLANG_WARN_DEPRECATED_OBJC_IMPLEMENTATIONS = YES;
				CLANG_WARN_DIRECT_OBJC_ISA_USAGE = YES_ERROR;
				CLANG_WARN_DOCUMENTATION_COMMENTS = YES;
				CLANG_WARN_EMPTY_BODY = YES;
				CLANG_WARN_ENUM_CONVERSION = YES;
				CLANG_WARN_INFINITE_RECURSION = YES;
				CLANG_WARN_INT_CONVERSION = YES;
				CLANG_WARN_NON_LITERAL_NULL_CONVERSION = YES;
				CLANG_WARN_OBJC_IMPLICIT_RETAIN_SELF = YES;
				CLANG_WARN_OBJC_LITERAL_CONVERSION = YES;
				CLANG_WARN_OBJC_ROOT_CLASS = YES_ERROR;
				CLANG_WARN_QUOTED_INCLUDE_IN_FRAMEWORK_HEADER = YES;
				CLANG_WARN_RANGE_LOOP_ANALYSIS = YES;
				CLANG_WARN_STRICT_PROTOTYPES = YES;
				CLANG_WARN_SUSPICIOUS_MOVE = YES;
				CLANG_WARN_UNGUARDED_AVAILABILITY = YES_AGGRESSIVE;
				CLANG_WARN_UNREACHABLE_CODE = YES;
				CLANG_WARN__DUPLICATE_METHOD_MATCH = YES;
				COPY_PHASE_STRIP = NO;
				DEBUG_INFORMATION_FORMAT = "dwarf-with-dsym";
				ENABLE_NS_ASSERTIONS = NO;
				ENABLE_STRICT_OBJC_MSGSEND = YES;
				GCC_C_LANGUAGE_STANDARD = gnu11;
				GCC_NO_COMMON_BLOCKS = YES;
				GCC_WARN_64_TO_32_BIT_CONVERSION = YES;
				GCC_WARN_ABOUT_RETURN_TYPE = YES_ERROR;
				GCC_WARN_UNDECLARED_SELECTOR = YES;
				GCC_WARN_UNINITIALIZED_AUTOS = YES_AGGRESSIVE;
				GCC_WARN_UNUSED_FUNCTION = YES;
				GCC_WARN_UNUSED_VARIABLE = YES;
				IPHONEOS_DEPLOYMENT_TARGET = 15.4;
				MTL_ENABLE_DEBUG_INFO = NO;
				MTL_FAST_MATH = YES;
				SDKROOT = iphoneos;
				SWIFT_COMPILATION_MODE = wholemodule;
				SWIFT_OPTIMIZATION_LEVEL = "-O";
				VALIDATE_PRODUCT = YES;
			};
			name = Release;
		};
		2C2CA3D729E14A84005FBA1E /* Debug */ = {
			isa = XCBuildConfiguration;
			buildSettings = {
				ASSETCATALOG_COMPILER_APPICON_NAME = AppIcon;
				ASSETCATALOG_COMPILER_GLOBAL_ACCENT_COLOR_NAME = AccentColor;
				CODE_SIGN_STYLE = Automatic;
				CURRENT_PROJECT_VERSION = 1;
				DEVELOPMENT_TEAM = L22KGAL4ND;
				GENERATE_INFOPLIST_FILE = YES;
				INFOPLIST_FILE = sopt_2nd_week_practice/Info.plist;
				INFOPLIST_KEY_UIApplicationSupportsIndirectInputEvents = YES;
				INFOPLIST_KEY_UILaunchStoryboardName = LaunchScreen;
				INFOPLIST_KEY_UIMainStoryboardFile = "";
				INFOPLIST_KEY_UISupportedInterfaceOrientations_iPad = "UIInterfaceOrientationPortrait UIInterfaceOrientationPortraitUpsideDown UIInterfaceOrientationLandscapeLeft UIInterfaceOrientationLandscapeRight";
				INFOPLIST_KEY_UISupportedInterfaceOrientations_iPhone = "UIInterfaceOrientationPortrait UIInterfaceOrientationLandscapeLeft UIInterfaceOrientationLandscapeRight";
				LD_RUNPATH_SEARCH_PATHS = (
					"$(inherited)",
					"@executable_path/Frameworks",
				);
				MARKETING_VERSION = 1.0;
				PRODUCT_BUNDLE_IDENTIFIER = "shinjiwon.sopt-2nd-week-practice";
				PRODUCT_NAME = "$(TARGET_NAME)";
				SWIFT_EMIT_LOC_STRINGS = YES;
				SWIFT_VERSION = 5.0;
				TARGETED_DEVICE_FAMILY = "1,2";
			};
			name = Debug;
		};
		2C2CA3D829E14A84005FBA1E /* Release */ = {
			isa = XCBuildConfiguration;
			buildSettings = {
				ASSETCATALOG_COMPILER_APPICON_NAME = AppIcon;
				ASSETCATALOG_COMPILER_GLOBAL_ACCENT_COLOR_NAME = AccentColor;
				CODE_SIGN_STYLE = Automatic;
				CURRENT_PROJECT_VERSION = 1;
				DEVELOPMENT_TEAM = L22KGAL4ND;
				GENERATE_INFOPLIST_FILE = YES;
				INFOPLIST_FILE = sopt_2nd_week_practice/Info.plist;
				INFOPLIST_KEY_UIApplicationSupportsIndirectInputEvents = YES;
				INFOPLIST_KEY_UILaunchStoryboardName = LaunchScreen;
				INFOPLIST_KEY_UIMainStoryboardFile = "";
				INFOPLIST_KEY_UISupportedInterfaceOrientations_iPad = "UIInterfaceOrientationPortrait UIInterfaceOrientationPortraitUpsideDown UIInterfaceOrientationLandscapeLeft UIInterfaceOrientationLandscapeRight";
				INFOPLIST_KEY_UISupportedInterfaceOrientations_iPhone = "UIInterfaceOrientationPortrait UIInterfaceOrientationLandscapeLeft UIInterfaceOrientationLandscapeRight";
				LD_RUNPATH_SEARCH_PATHS = (
					"$(inherited)",
					"@executable_path/Frameworks",
				);
				MARKETING_VERSION = 1.0;
				PRODUCT_BUNDLE_IDENTIFIER = "shinjiwon.sopt-2nd-week-practice";
				PRODUCT_NAME = "$(TARGET_NAME)";
				SWIFT_EMIT_LOC_STRINGS = YES;
				SWIFT_VERSION = 5.0;
				TARGETED_DEVICE_FAMILY = "1,2";
			};
			name = Release;
		};
/* End XCBuildConfiguration section */

/* Begin XCConfigurationList section */
		2C2CA3BD29E14A83005FBA1E /* Build configuration list for PBXProject "sopt_2nd_week_practice" */ = {
			isa = XCConfigurationList;
			buildConfigurations = (
				2C2CA3D429E14A84005FBA1E /* Debug */,
				2C2CA3D529E14A84005FBA1E /* Release */,
			);
			defaultConfigurationIsVisible = 0;
			defaultConfigurationName = Release;
		};
		2C2CA3D629E14A84005FBA1E /* Build configuration list for PBXNativeTarget "sopt_2nd_week_practice" */ = {
			isa = XCConfigurationList;
			buildConfigurations = (
				2C2CA3D729E14A84005FBA1E /* Debug */,
				2C2CA3D829E14A84005FBA1E /* Release */,
			);
			defaultConfigurationIsVisible = 0;
			defaultConfigurationName = Release;
		};
/* End XCConfigurationList section */

/* Begin XCRemoteSwiftPackageReference section */
		2C2CA3D929E14C17005FBA1E /* XCRemoteSwiftPackageReference "SnapKit" */ = {
			isa = XCRemoteSwiftPackageReference;
			repositoryURL = "https://github.com/SnapKit/SnapKit";
			requirement = {
				kind = upToNextMajorVersion;
				minimumVersion = 5.0.0;
			};
		};
		2C2CA3DC29E14C26005FBA1E /* XCRemoteSwiftPackageReference "Then" */ = {
			isa = XCRemoteSwiftPackageReference;
			repositoryURL = "https://github.com/devxoul/Then";
			requirement = {
				kind = upToNextMajorVersion;
				minimumVersion = 3.0.0;
			};
		};
/* End XCRemoteSwiftPackageReference section */

/* Begin XCSwiftPackageProductDependency section */
		2C2CA3DA29E14C17005FBA1E /* SnapKit */ = {
			isa = XCSwiftPackageProductDependency;
			package = 2C2CA3D929E14C17005FBA1E /* XCRemoteSwiftPackageReference "SnapKit" */;
			productName = SnapKit;
		};
		2C2CA3DD29E14C26005FBA1E /* Then */ = {
			isa = XCSwiftPackageProductDependency;
			package = 2C2CA3DC29E14C26005FBA1E /* XCRemoteSwiftPackageReference "Then" */;
			productName = Then;
		};
/* End XCSwiftPackageProductDependency section */
	};
	rootObject = 2C2CA3BA29E14A83005FBA1E /* Project object */;
}
